# This file is machine-generated by `gh actions-lock`.
# Do not edit by hand; run `gh actions-lock` to update.
# Docs: https://gh.io/actions-lockfile
version: 'v0.0.2'
workflows:
    '.github/workflows/bridge-gate.yml':
        - 'actions/checkout@v7.0.1'
    '.github/workflows/build-gossamer-gui.yml':
        - 'actions/cache@v6.1.0'
        - 'actions/checkout@v7.0.1'
        - 'actions/setup-node@v7.0.0'
        - 'actions/upload-artifact@v7.0.1'
        - 'dtolnay/rust-toolchain@master'
        - 'taiki-e/install-action@v2.86.7'
    '.github/workflows/ci-health-sweep.yml':
        - 'actions/checkout@v7.0.1'
    '.github/workflows/ci.yml':
        - 'actions/cache@v6.1.0'
        - 'actions/checkout@v7.0.1'
        - 'actions/upload-artifact@v7.0.1'
        - 'codecov/codecov-action@v7.0.0'
        - 'dtolnay/rust-toolchain@master'
        - 'haskell-actions/hlint-run@v2.4.10'
        - 'haskell-actions/hlint-setup@v2.4.10'
        - 'haskell-actions/setup@v2.12.0'
        - 'swatinem/rust-cache@v2.9.2'
        - 'taiki-e/install-action@v2.86.7'
    '.github/workflows/clusterfuzzlite.yml':
        - 'actions/checkout@v7.0.1'
        - 'google/clusterfuzzlite@v1'
    '.github/workflows/codeql.yml':
        - 'actions/checkout@v7.0.1'
        - 'github/codeql-action@v4.37.8'
    '.github/workflows/dependabot-automerge.yml':
        - 'dependabot/fetch-metadata@v3.1.0'
    '.github/workflows/dogfood-gate.yml':
        - 'actions/checkout@v7.0.1'
        - 'hyperpolymath/a2ml-ecosystem@main'
        - 'hyperpolymath/k9-ecosystem@main'
    '.github/workflows/estate-rescan.yml':
        - 'actions/cache@v6.1.0'
    '.github/workflows/governance.yml': []
    '.github/workflows/hypatia-remediation-sweep.yml':
        - 'actions/upload-artifact@v7.0.1'
    '.github/workflows/hypatia-scan.yml': []
    '.github/workflows/inbox-steward-intake.yml':
        - 'actions/checkout@v7.0.1'
    '.github/workflows/label-triage.yml': []
    '.github/workflows/labels.yml': []
    '.github/workflows/language-blockers.yml':
        - 'actions/checkout@v7.0.1'
    '.github/workflows/merge-orchestrate.yml':
        - 'actions/cache@v6.1.0'
        - 'actions/checkout@v7.0.1'
        - 'actions/upload-artifact@v7.0.1'
        - 'erlef/setup-beam@v1.24.1'
    '.github/workflows/mirror.yml': []
    '.github/workflows/pages.yml':
        - 'actions/checkout@v7.0.1'
        - 'actions/deploy-pages@v5.0.0'
        - 'actions/upload-pages-artifact@v5.0.0'
    '.github/workflows/push-email-notify.yml':
        - 'hyperpolymath/smtp-notify-action@v0.2.0'
    '.github/workflows/quality.yml':
        - 'actions/checkout@v7.0.1'
        - 'actions/deploy-pages@v5.0.0'
        - 'actions/upload-artifact@v7.0.1'
        - 'actions/upload-pages-artifact@v5.0.0'
        - 'dtolnay/rust-toolchain@master'
        - 'editorconfig-checker/action-editorconfig-checker@v2.2.0'
        - 'ruby/setup-ruby@v1.321.0'
    '.github/workflows/release.yml':
        - 'actions/attest-build-provenance@v4.2.2'
        - 'actions/checkout@v7.0.1'
        - 'actions/download-artifact@v8.0.1'
        - 'actions/upload-artifact@v7.0.1'
        - 'docker/build-push-action@v7.3.0'
        - 'docker/login-action@v4.6.0'
        - 'docker/metadata-action@v6.2.0'
        - 'docker/setup-buildx-action@v4.3.0'
        - 'docker/setup-qemu-action@v4.2.0'
        - 'dtolnay/rust-toolchain@master'
        - 'softprops/action-gh-release@v3.0.2'
        - 'swatinem/rust-cache@v2.9.2'
    '.github/workflows/roadmap-sync.yml': []
    '.github/workflows/rust.yml':
        - 'actions/checkout@v7.0.1'
        - 'dtolnay/rust-toolchain@master'
        - 'swatinem/rust-cache@v2.9.2'
    '.github/workflows/scorecard.yml': []
    '.github/workflows/secret-scanner.yml': []
    '.github/workflows/security-policy.yml':
        - 'actions/cache@v6.1.0'
        - 'actions/checkout@v7.0.1'
        - 'actions/upload-artifact@v7.0.1'
        - 'aquasecurity/trivy-action@v0.36.0'
        - 'dtolnay/rust-toolchain@master'
        - 'github/codeql-action@v4.37.8'
        - 'gitleaks/gitleaks-action@v3.0.0'
        - 'returntocorp/semgrep-action@v1'
        - 'taiki-e/install-action@v2.86.7'
        - 'trufflesecurity/trufflehog@v3.97.1'
    '.github/workflows/tests.yml':
        - 'actions/cache@v6.1.0'
        - 'actions/checkout@v7.0.1'
        - 'actions/download-artifact@v8.0.1'
        - 'actions/upload-artifact@v7.0.1'
        - 'codecov/codecov-action@v7.0.0'
        - 'docker/build-push-action@v7.3.0'
        - 'docker/setup-buildx-action@v4.3.0'
        - 'dtolnay/rust-toolchain@master'
        - 'erlef/setup-beam@v1.24.1'
        - 'swatinem/rust-cache@v2.9.2'
        - 'taiki-e/install-action@v2.86.7'
    '.github/workflows/verify-proofs.yml':
        - 'actions/cache@v6.1.0'
        - 'actions/checkout@v7.0.1'
        - 'actions/setup-java@v6.0.0'
        - 'actions/upload-artifact@v7.0.1'
dependencies:
    'actions/attest-build-provenance@v4.2.2':
        ref: 'v4.2.2'
        commit: 'sha1-4d101475d8b20a2381f78447822ac1eab6504dd8'
        owner_id: 44036562
        repo_id: 760702757
        uses:
            - 'actions/attest@508db95dd578ae2727ebd6217d5ba78e4fbda05d'
    'actions/attest@508db95dd578ae2727ebd6217d5ba78e4fbda05d':
        ref: 'v4.2.1'
        commit: 'sha1-508db95dd578ae2727ebd6217d5ba78e4fbda05d'
        owner_id: 44036562
        repo_id: 760701061
    'actions/cache@27d5ce7f107fe9357f9df03efb73ab90386fccae':
        ref: 'v5.0.5'
        commit: 'sha1-27d5ce7f107fe9357f9df03efb73ab90386fccae'
        owner_id: 44036562
        repo_id: 215566462
    'actions/cache@9255dc7a253b0ccc959486e2bca901246202afeb':
        ref: 'v5.0.1'
        commit: 'sha1-9255dc7a253b0ccc959486e2bca901246202afeb'
        owner_id: 44036562
        repo_id: 215566462
    'actions/cache@v6.1.0':
        ref: 'v6.1.0'
        commit: 'sha1-55cc8345863c7cc4c66a329aec7e433d2d1c52a9'
        owner_id: 44036562
        repo_id: 215566462
    'actions/checkout@8e8c483db84b4bee98b60c0593521ed34d9990e8':
        ref: 'v6.0.1'
        commit: 'sha1-8e8c483db84b4bee98b60c0593521ed34d9990e8'
        owner_id: 44036562
        repo_id: 197814629
    'actions/checkout@v7.0.1':
        ref: 'v7.0.1'
        commit: 'sha1-3d3c42e5aac5ba805825da76410c181273ba90b1'
        owner_id: 44036562
        repo_id: 197814629
    'actions/deploy-pages@v5.0.0':
        ref: 'v5.0.0'
        commit: 'sha1-cd2ce8fcbc39b97be8ca5fce6e763baed58fa128'
        owner_id: 44036562
        repo_id: 438112499
    'actions/download-artifact@v8.0.1':
        ref: 'v8.0.1'
        commit: 'sha1-3e5f45b2cfb9172054b4087a40e8e0b5a5461e7c'
        owner_id: 44036562
        repo_id: 192626254
    'actions/github-script@ed597411d8f924073f98dfc5c65a23a2325f34cd':
        ref: 'v8.0.0'
        commit: 'sha1-ed597411d8f924073f98dfc5c65a23a2325f34cd'
        owner_id: 44036562
        repo_id: 205262760
    'actions/setup-java@v6.0.0':
        ref: 'v6.0.0'
        commit: 'sha1-dd06d9cba3e5552c54d9f8ea23572deb30010f7c'
        owner_id: 44036562
        repo_id: 196057608
    'actions/setup-node@v7.0.0':
        ref: 'v7.0.0'
        commit: 'sha1-820762786026740c76f36085b0efc47a31fe5020'
        owner_id: 44036562
        repo_id: 189476904
    'actions/upload-artifact@bbbca2ddaa5d8feaa63e36b76fdaad77386f024f':
        ref: 'v7.0.0'
        commit: 'sha1-bbbca2ddaa5d8feaa63e36b76fdaad77386f024f'
        owner_id: 44036562
        repo_id: 192625955
    'actions/upload-artifact@v7.0.1':
        ref: 'v7.0.1'
        commit: 'sha1-043fb46d1a93c77aae656e7c1c64a875d1fc6a0a'
        owner_id: 44036562
        repo_id: 192625955
    'actions/upload-pages-artifact@v5.0.0':
        ref: 'v5.0.0'
        commit: 'sha1-fc324d3547104276b827a68afc52ff2a11cc49c9'
        owner_id: 44036562
        repo_id: 496012378
        uses:
            - 'actions/upload-artifact@bbbca2ddaa5d8feaa63e36b76fdaad77386f024f'
    'aquasecurity/setup-trivy@3fb12ec12f41e471780db15c232d5dd185dcb514':
        ref: 'v0.2.6'
        commit: 'sha1-3fb12ec12f41e471780db15c232d5dd185dcb514'
        owner_id: 12783832
        repo_id: 869952525
        uses:
            - 'actions/cache@9255dc7a253b0ccc959486e2bca901246202afeb'
            - 'actions/checkout@8e8c483db84b4bee98b60c0593521ed34d9990e8'
    'aquasecurity/trivy-action@v0.36.0':
        ref: 'v0.36.0'
        commit: 'sha1-ed142fd0673e97e23eac54620cfb913e5ce36c25'
        owner_id: 12783832
        repo_id: 268833180
        uses:
            - 'actions/cache@27d5ce7f107fe9357f9df03efb73ab90386fccae'
            - 'aquasecurity/setup-trivy@3fb12ec12f41e471780db15c232d5dd185dcb514'
    'codecov/codecov-action@v7.0.0':
        ref: 'v7.0.0'
        commit: 'sha1-fb8b3582c8e4def4969c97caa2f19720cb33a72f'
        owner_id: 8226205
        repo_id: 200299178
        uses:
            - 'actions/github-script@ed597411d8f924073f98dfc5c65a23a2325f34cd'
    'dependabot/fetch-metadata@v3.1.0':
        ref: 'v3.1.0'
        commit: 'sha1-25dd0e34f4fe68f24cc83900b1fe3fe149efef98'
        owner_id: 27347476
        repo_id: 371068214
    'docker/build-push-action@v7.3.0':
        ref: 'v7.3.0'
        commit: 'sha1-53b7df96c91f9c12dcc8a07bcb9ccacbed38856a'
        owner_id: 5429470
        repo_id: 241092383
    'docker/login-action@v4.6.0':
        ref: 'v4.6.0'
        commit: 'sha1-dbcb813823bdd20940b903addbd779551569679f'
        owner_id: 5429470
        repo_id: 287743349
    'docker/metadata-action@v6.2.0':
        ref: 'v6.2.0'
        commit: 'sha1-dc802804100637a589fabce1cb79ff13a1411302'
        owner_id: 5429470
        repo_id: 306769011
    'docker/setup-buildx-action@v4.3.0':
        ref: 'v4.3.0'
        commit: 'sha1-37fe631027851001ddb9b187196cc803df7f5f0e'
        owner_id: 5429470
        repo_id: 288485773
    'docker/setup-qemu-action@v4.2.0':
        ref: 'v4.2.0'
        commit: 'sha1-96fe6ef7f33517b61c61be40b68a1882f3264fb8'
        owner_id: 5429470
        repo_id: 288487894
    'dtolnay/rust-toolchain@master':
        ref: 'master'
        commit: 'sha1-6c977a6ca4077a0ceb28ffbe03f59d46e9ac8772'
        owner_id: 1940490
        repo_id: 260749683
    'editorconfig-checker/action-editorconfig-checker@v2.2.0':
        ref: 'v2.2.0'
        commit: 'sha1-840e866d93b8e032123c23bac69dece044d4d84c'
        owner_id: 26415196
        repo_id: 297874902
    'erlef/setup-beam@v1.24.1':
        ref: 'v1.24.1'
        commit: 'sha1-54075bcc5e249e4758d363f27d099f55d843f124'
        owner_id: 47606891
        repo_id: 331103973
    'github/codeql-action@v4.37.8':
        ref: 'v4.37.8'
        commit: 'sha1-db488ddef3bf6cb639b32c2e9a7c0a7ea8271d28'
        owner_id: 9919
        repo_id: 259445878
    'gitleaks/gitleaks-action@v3.0.0':
        ref: 'v3.0.0'
        commit: 'sha1-e0c47f4f8be36e29cdc102c57e68cb5cbf0e8d1e'
        owner_id: 90395851
        repo_id: 242854909
    'google/clusterfuzzlite@v1':
        ref: 'v1'
        commit: 'sha1-884713a6c30a92e5e8544c39945cd7cb630abcd1'
        owner_id: 1342004
        repo_id: 400046858
    'haskell-actions/hlint-run@v2.4.10':
        ref: 'v2.4.10'
        commit: 'sha1-eaca4cfbf4a69f4eb875df38b6bc3e1657020378'
        owner_id: 75048950
        repo_id: 692590626
    'haskell-actions/hlint-setup@v2.4.10':
        ref: 'v2.4.10'
        commit: 'sha1-fe9cd1cd1af94a23900c06738e73f6ddb092966a'
        owner_id: 75048950
        repo_id: 692590623
    'haskell-actions/setup@v2.12.0':
        ref: 'v2.12.0'
        commit: 'sha1-6037f33647c3f17758a2356c80fc4a53d7e0685d'
        owner_id: 75048950
        repo_id: 623796603
    'hyperpolymath/a2ml-ecosystem@main':
        ref: 'main'
        commit: 'sha1-c73022e759ed52a6156768a2fde43636ae4d7a7c'
        owner_id: 6759885
        repo_id: 1275649586
    'hyperpolymath/k9-ecosystem@main':
        ref: 'main'
        commit: 'sha1-c74f04c77a36247a813493945e803178b93d170f'
        owner_id: 6759885
        repo_id: 1275650185
    'hyperpolymath/smtp-notify-action@v0.2.0':
        ref: 'v0.2.0'
        commit: 'sha1-ede1191ef6ff3ac02c4f4d9efdf837ee517e11d7'
        owner_id: 6759885
        repo_id: 1352485172
    'returntocorp/semgrep-action@v1':
        ref: 'v1'
        commit: 'sha1-713efdd345f3035192eaa63f56867b88e63e4e5d'
        owner_id: 147861678
        repo_id: 715166645
    'ruby/setup-ruby@v1.321.0':
        ref: 'v1.321.0'
        commit: 'sha1-95ef2b042f9d7a56d8268cba8559e2842e2ad01b'
        owner_id: 210414
        repo_id: 231208785
    'softprops/action-gh-release@v3.0.2':
        ref: 'v3.0.2'
        commit: 'sha1-3d0d9888cb7fd7b750713d6e236d1fcb99157228'
        owner_id: 2242
        repo_id: 204253808
    'swatinem/rust-cache@v2.9.2':
        ref: 'v2.9.2'
        commit: 'sha1-6323deb102c322ba6fcbdcafc7e3dddab59af2b6'
        owner_id: 580492
        repo_id: 298565987
    'taiki-e/install-action@v2.86.7':
        ref: 'v2.86.7'
        commit: 'sha1-b6ff580856c41316412a0b9b60540fbc6f8c82cc'
        owner_id: 43724913
        repo_id: 442947557
    'trufflesecurity/trufflehog@v3.97.1':
        ref: 'v3.97.1'
        commit: 'sha1-20652fbbdefffcdaa493a5bf57ab2ac6b1db715b'
        owner_id: 79229934
        repo_id: 77726177
